
Microsoft Visual Studio Solution File, Format Version 12.00
# Visual Studio 2013
VisualStudioVersion = 12.0.30501.0
MinimumVisualStudioVersion = 10.0.40219.1
Project("{FAE04EC0-301F-11D3-BF4B-00C04F79EFBC}") = "UI.Desktop", "UI.Desktop\UI.Desktop.csproj", "{94DF8914-0AC5-4E88-A795-E289C4711317}"
EndProject
Project("{FAE04EC0-301F-11D3-BF4B-00C04F79EFBC}") = "Business.Logic", "Business.Logic\Business.Logic.csproj", "{8DC32FCE-6791-4607-9DE8-7EBF2CB9332F}"
EndProject
Project("{FAE04EC0-301F-11D3-BF4B-00C04F79EFBC}") = "Business.Entities", "Business.Entities\Business.Entities.csproj", "{C19B2456-810E-4287-83D9-CA96521C8EE9}"
EndProject
Project("{FAE04EC0-301F-11D3-BF4B-00C04F79EFBC}") = "Util", "Util\Util.csproj", "{B0C69613-31D3-4F52-9429-80C7893FBF10}"
EndProject
Project("{FAE04EC0-301F-11D3-BF4B-00C04F79EFBC}") = "Data.Database", "Data.Database\Data.Database.csproj", "{B23D7790-BC2F-4FF1-B633-36DC874F30DB}"
EndProject
Project("{FAE04EC0-301F-11D3-BF4B-00C04F79EFBC}") = "UI.Consola", "UI.Consola\UI.Consola.csproj", "{434E3B6D-8B36-4847-BF85-05AF360C294E}"
EndProject
Project("{FAE04EC0-301F-11D3-BF4B-00C04F79EFBC}") = "UIWeb", "UIWeb\UIWeb.csproj", "{4B636BE4-AAFD-4C1E-BC9C-B26FF0917150}"
EndProject
Global
	GlobalSection(SolutionConfigurationPlatforms) = preSolution
		Debug|Any CPU = Debug|Any CPU
		Release|Any CPU = Release|Any CPU
	EndGlobalSection
	GlobalSection(ProjectConfigurationPlatforms) = postSolution
		{94DF8914-0AC5-4E88-A795-E289C4711317}.Debug|Any CPU.ActiveCfg = Debug|Any CPU
		{94DF8914-0AC5-4E88-A795-E289C4711317}.Debug|Any CPU.Build.0 = Debug|Any CPU
		{94DF8914-0AC5-4E88-A795-E289C4711317}.Release|Any CPU.ActiveCfg = Release|Any CPU
		{94DF8914-0AC5-4E88-A795-E289C4711317}.Release|Any CPU.Build.0 = Release|Any CPU
		{8DC32FCE-6791-4607-9DE8-7EBF2CB9332F}.Debug|Any CPU.ActiveCfg = Debug|Any CPU
		{8DC32FCE-6791-4607-9DE8-7EBF2CB9332F}.Debug|Any CPU.Build.0 = Debug|Any CPU
		{8DC32FCE-6791-4607-9DE8-7EBF2CB9332F}.Release|Any CPU.ActiveCfg = Release|Any CPU
		{8DC32FCE-6791-4607-9DE8-7EBF2CB9332F}.Release|Any CPU.Build.0 = Release|Any CPU
		{C19B2456-810E-4287-83D9-CA96521C8EE9}.Debug|Any CPU.ActiveCfg = Debug|Any CPU
		{C19B2456-810E-4287-83D9-CA96521C8EE9}.Debug|Any CPU.Build.0 = Debug|Any CPU
		{C19B2456-810E-4287-83D9-CA96521C8EE9}.Release|Any CPU.ActiveCfg = Release|Any CPU
		{C19B2456-810E-4287-83D9-CA96521C8EE9}.Release|Any CPU.Build.0 = Release|Any CPU
		{B0C69613-31D3-4F52-9429-80C7893FBF10}.Debug|Any CPU.ActiveCfg = Debug|Any CPU
		{B0C69613-31D3-4F52-9429-80C7893FBF10}.Debug|Any CPU.Build.0 = Debug|Any CPU
		{B0C69613-31D3-4F52-9429-80C7893FBF10}.Release|Any CPU.ActiveCfg = Release|Any CPU
		{B0C69613-31D3-4F52-9429-80C7893FBF10}.Release|Any CPU.Build.0 = Release|Any CPU
		{B23D7790-BC2F-4FF1-B633-36DC874F30DB}.Debug|Any CPU.ActiveCfg = Debug|Any CPU
		{B23D7790-BC2F-4FF1-B633-36DC874F30DB}.Debug|Any CPU.Build.0 = Debug|Any CPU
		{B23D7790-BC2F-4FF1-B633-36DC874F30DB}.Release|Any CPU.ActiveCfg = Release|Any CPU
		{B23D7790-BC2F-4FF1-B633-36DC874F30DB}.Release|Any CPU.Build.0 = Release|Any CPU
		{434E3B6D-8B36-4847-BF85-05AF360C294E}.Debug|Any CPU.ActiveCfg = Debug|Any CPU
		{434E3B6D-8B36-4847-BF85-05AF360C294E}.Debug|Any CPU.Build.0 = Debug|Any CPU
		{434E3B6D-8B36-4847-BF85-05AF360C294E}.Release|Any CPU.ActiveCfg = Release|Any CPU
		{434E3B6D-8B36-4847-BF85-05AF360C294E}.Release|Any CPU.Build.0 = Release|Any CPU
		{4B636BE4-AAFD-4C1E-BC9C-B26FF0917150}.Debug|Any CPU.ActiveCfg = Debug|Any CPU
		{4B636BE4-AAFD-4C1E-BC9C-B26FF0917150}.Debug|Any CPU.Build.0 = Debug|Any CPU
		{4B636BE4-AAFD-4C1E-BC9C-B26FF0917150}.Release|Any CPU.ActiveCfg = Release|Any CPU
		{4B636BE4-AAFD-4C1E-BC9C-B26FF0917150}.Release|Any CPU.Build.0 = Release|Any CPU
	EndGlobalSection
	GlobalSection(SolutionProperties) = preSolution
		HideSolutionNode = FALSE
	EndGlobalSection
EndGlobal
